// !$*UTF8*$!
{ archiveVersion = 1; classes = {}; objectVersion = 56; objects = {
000000000000000000000001 = { isa = PBXProject; attributes = { LastUpgradeCheck = 2620; }; buildConfigurationList = 000000000000000000000002; compatibilityVersion = "Xcode 14.0"; developmentRegion = en; knownRegions = (en, Base); mainGroup = 000000000000000000000003; productRefGroup = 000000000000000000000004; projectDirPath = ""; targets = (00000000000000000000000A,000000000000000000000014); };
000000000000000000000002 = { isa = XCConfigurationList; buildConfigurations = (000000000000000000000005,000000000000000000000006); defaultConfigurationIsVisible = 0; defaultConfigurationName = Release; };
000000000000000000000005 = { isa = XCBuildConfiguration; name = Debug; buildSettings = { SWIFT_VERSION = 5.0; CLANG_ENABLE_MODULES = YES; SWIFT_OPTIMIZATION_LEVEL = "-Onone"; }; };
000000000000000000000006 = { isa = XCBuildConfiguration; name = Release; buildSettings = { SWIFT_VERSION = 5.0; CLANG_ENABLE_MODULES = YES; SWIFT_OPTIMIZATION_LEVEL = "-O"; }; };
000000000000000000000003 = { isa = PBXGroup; children = (000000000000000000000007,000000000000000000000004); sourceTree = "<group>"; };
000000000000000000000004 = { isa = PBXGroup; name = Products; children = (00000000000000000000000B,000000000000000000000015); sourceTree = "<group>"; };
000000000000000000000007 = { isa = PBXFileReference; lastKnownFileType = sourcecode.swift; path = OneAI.swift; sourceTree = "<group>"; };
00000000000000000000000A = { isa = PBXNativeTarget; name = "oneAI-iOS"; productName = oneAI; productType = "com.apple.product-type.application"; productReference = 00000000000000000000000B; buildConfigurationList = 00000000000000000000000C; buildPhases = (00000000000000000000000D); buildRules = (); dependencies = (); };
00000000000000000000000B = { isa = PBXFileReference; explicitFileType = wrapper.application; includeInIndex = 0; path = "oneAI-iOS.app"; sourceTree = BUILT_PRODUCTS_DIR; };
00000000000000000000000C = { isa = XCConfigurationList; buildConfigurations = (00000000000000000000000F,000000000000000000000010); defaultConfigurationIsVisible = 0; defaultConfigurationName = Release; };
00000000000000000000000D = { isa = PBXSourcesBuildPhase; buildActionMask = 2147483647; files = (00000000000000000000000E); runOnlyForDeploymentPostprocessing = 0; };
00000000000000000000000E = { isa = PBXBuildFile; fileRef = 000000000000000000000007; };
00000000000000000000000F = { isa = XCBuildConfiguration; name = Debug; buildSettings = { PRODUCT_NAME = "oneAI-iOS"; PRODUCT_BUNDLE_IDENTIFIER = org.oneai.personal.ios; SDKROOT = iphoneos; GENERATE_INFOPLIST_FILE = YES; CURRENT_PROJECT_VERSION = 1; MARKETING_VERSION = 0.1.0; CODE_SIGN_STYLE = Automatic; INFOPLIST_KEY_CFBundleDisplayName = oneAI; IPHONEOS_DEPLOYMENT_TARGET = 17.0; TARGETED_DEVICE_FAMILY = "1,2"; INFOPLIST_KEY_UILaunchScreen_Generation = YES; INFOPLIST_KEY_UISupportedInterfaceOrientations_iPhone = "UIInterfaceOrientationPortrait UIInterfaceOrientationLandscapeLeft UIInterfaceOrientationLandscapeRight"; SWIFT_ACTIVE_COMPILATION_CONDITIONS = DEBUG; }; };
000000000000000000000010 = { isa = XCBuildConfiguration; name = Release; buildSettings = { PRODUCT_NAME = "oneAI-iOS"; PRODUCT_BUNDLE_IDENTIFIER = org.oneai.personal.ios; SDKROOT = iphoneos; GENERATE_INFOPLIST_FILE = YES; CURRENT_PROJECT_VERSION = 1; MARKETING_VERSION = 0.1.0; CODE_SIGN_STYLE = Automatic; INFOPLIST_KEY_CFBundleDisplayName = oneAI; IPHONEOS_DEPLOYMENT_TARGET = 17.0; TARGETED_DEVICE_FAMILY = "1,2"; INFOPLIST_KEY_UILaunchScreen_Generation = YES; INFOPLIST_KEY_UISupportedInterfaceOrientations_iPhone = "UIInterfaceOrientationPortrait UIInterfaceOrientationLandscapeLeft UIInterfaceOrientationLandscapeRight"; }; };
000000000000000000000014 = { isa = PBXNativeTarget; name = "oneAI-Mac"; productName = oneAI; productType = "com.apple.product-type.application"; productReference = 000000000000000000000015; buildConfigurationList = 000000000000000000000016; buildPhases = (000000000000000000000017); buildRules = (); dependencies = (); };
000000000000000000000015 = { isa = PBXFileReference; explicitFileType = wrapper.application; includeInIndex = 0; path = "oneAI-Mac.app"; sourceTree = BUILT_PRODUCTS_DIR; };
000000000000000000000016 = { isa = XCConfigurationList; buildConfigurations = (000000000000000000000019,00000000000000000000001A); defaultConfigurationIsVisible = 0; defaultConfigurationName = Release; };
000000000000000000000017 = { isa = PBXSourcesBuildPhase; buildActionMask = 2147483647; files = (000000000000000000000018); runOnlyForDeploymentPostprocessing = 0; };
000000000000000000000018 = { isa = PBXBuildFile; fileRef = 000000000000000000000007; };
000000000000000000000019 = { isa = XCBuildConfiguration; name = Debug; buildSettings = { PRODUCT_NAME = "oneAI-Mac"; PRODUCT_BUNDLE_IDENTIFIER = org.oneai.personal.mac; SDKROOT = macosx; GENERATE_INFOPLIST_FILE = YES; CURRENT_PROJECT_VERSION = 1; MARKETING_VERSION = 0.1.0; CODE_SIGN_STYLE = Automatic; INFOPLIST_KEY_CFBundleDisplayName = oneAI; MACOSX_DEPLOYMENT_TARGET = 14.0; ENABLE_HARDENED_RUNTIME = YES; SWIFT_ACTIVE_COMPILATION_CONDITIONS = DEBUG; }; };
00000000000000000000001A = { isa = XCBuildConfiguration; name = Release; buildSettings = { PRODUCT_NAME = "oneAI-Mac"; PRODUCT_BUNDLE_IDENTIFIER = org.oneai.personal.mac; SDKROOT = macosx; GENERATE_INFOPLIST_FILE = YES; CURRENT_PROJECT_VERSION = 1; MARKETING_VERSION = 0.1.0; CODE_SIGN_STYLE = Automatic; INFOPLIST_KEY_CFBundleDisplayName = oneAI; MACOSX_DEPLOYMENT_TARGET = 14.0; ENABLE_HARDENED_RUNTIME = YES; }; };
}; rootObject = 000000000000000000000001; }
